// !$*UTF8*$!
{
	archiveVersion = 1;
	classes = {
	};
	objectVersion = 56;
	objects = {

/* Begin PBXBuildFile section */
		220A86932A8125AC0082B271 /* Tracker.swift in Sources */ = {isa = PBXBuildFile; fileRef = 220A86922A8125AC0082B271 /* Tracker.swift */; };
		220A86952A8136B30082B271 /* WeekDay.swift in Sources */ = {isa = PBXBuildFile; fileRef = 220A86942A8136B30082B271 /* WeekDay.swift */; };
		220A86992A8141360082B271 /* TrackerRecord.swift in Sources */ = {isa = PBXBuildFile; fileRef = 220A86982A8141360082B271 /* TrackerRecord.swift */; };
		220A869B2A81419B0082B271 /* TrackerCategory.swift in Sources */ = {isa = PBXBuildFile; fileRef = 220A869A2A81419B0082B271 /* TrackerCategory.swift */; };
		220A869F2A8170710082B271 /* Extensions+UIColor.swift in Sources */ = {isa = PBXBuildFile; fileRef = 220A869E2A8170710082B271 /* Extensions+UIColor.swift */; };
		220A86A12A8185140082B271 /* EmptyCollectionPlaceholderView.swift in Sources */ = {isa = PBXBuildFile; fileRef = 220A86A02A8185140082B271 /* EmptyCollectionPlaceholderView.swift */; };
		220A86A32A826B7F0082B271 /* TrackerNavigationBar.swift in Sources */ = {isa = PBXBuildFile; fileRef = 220A86A22A826B7F0082B271 /* TrackerNavigationBar.swift */; };
		220A86A52A8292380082B271 /* TrackerViewCell.swift in Sources */ = {isa = PBXBuildFile; fileRef = 220A86A42A8292380082B271 /* TrackerViewCell.swift */; };
		22CF5E492A83E31400BEAD2F /* TrackersSectionHeaderView.swift in Sources */ = {isa = PBXBuildFile; fileRef = 22CF5E482A83E31400BEAD2F /* TrackersSectionHeaderView.swift */; };
		22CF5E4D2A84256100BEAD2F /* TextHelper.swift in Sources */ = {isa = PBXBuildFile; fileRef = 22CF5E4C2A84256100BEAD2F /* TextHelper.swift */; };
		22CF5E4F2A87D7E600BEAD2F /* StatisticsViewController.swift in Sources */ = {isa = PBXBuildFile; fileRef = 22CF5E4E2A87D7E600BEAD2F /* StatisticsViewController.swift */; };
		22CF5E712A87F80900BEAD2F /* CreateTrackerTypeSelectionViewController.swift in Sources */ = {isa = PBXBuildFile; fileRef = 22CF5E702A87F80900BEAD2F /* CreateTrackerTypeSelectionViewController.swift */; };
		22CF5E732A88106900BEAD2F /* RoundedButton.swift in Sources */ = {isa = PBXBuildFile; fileRef = 22CF5E722A88106900BEAD2F /* RoundedButton.swift */; };
		22CF5E762A881B8600BEAD2F /* NewTrackerViewController.swift in Sources */ = {isa = PBXBuildFile; fileRef = 22CF5E752A881B8600BEAD2F /* NewTrackerViewController.swift */; };
		22CF5E782A881BF800BEAD2F /* TitleLabel.swift in Sources */ = {isa = PBXBuildFile; fileRef = 22CF5E772A881BF800BEAD2F /* TitleLabel.swift */; };
		22CF5E7B2A89310E00BEAD2F /* TrackerNameInputViewCell.swift in Sources */ = {isa = PBXBuildFile; fileRef = 22CF5E7A2A89310E00BEAD2F /* TrackerNameInputViewCell.swift */; };
		22CF5E7D2A8931BE00BEAD2F /* TrackerActionsViewCell.swift in Sources */ = {isa = PBXBuildFile; fileRef = 22CF5E7C2A8931BE00BEAD2F /* TrackerActionsViewCell.swift */; };
		22CF5E7F2A8931D800BEAD2F /* EmojiCollectionViewCell.swift in Sources */ = {isa = PBXBuildFile; fileRef = 22CF5E7E2A8931D800BEAD2F /* EmojiCollectionViewCell.swift */; };
		22CF5E812A8931EB00BEAD2F /* ColorCollectionViewCell.swift in Sources */ = {isa = PBXBuildFile; fileRef = 22CF5E802A8931EB00BEAD2F /* ColorCollectionViewCell.swift */; };
		22CF5E832A89320A00BEAD2F /* OkCancelActionsViewCell.swift in Sources */ = {isa = PBXBuildFile; fileRef = 22CF5E822A89320A00BEAD2F /* OkCancelActionsViewCell.swift */; };
		22CF5E852A89489200BEAD2F /* NewTrackerTableUISection.swift in Sources */ = {isa = PBXBuildFile; fileRef = 22CF5E842A89489200BEAD2F /* NewTrackerTableUISection.swift */; };
		22CF5E872A8A46D300BEAD2F /* TrackerNameInputFooterLabel.swift in Sources */ = {isa = PBXBuildFile; fileRef = 22CF5E862A8A46D300BEAD2F /* TrackerNameInputFooterLabel.swift */; };
		22D371F42A79781500FA5888 /* AppDelegate.swift in Sources */ = {isa = PBXBuildFile; fileRef = 22D371F32A79781500FA5888 /* AppDelegate.swift */; };
		22D371F82A79781500FA5888 /* TrackersViewController.swift in Sources */ = {isa = PBXBuildFile; fileRef = 22D371F72A79781500FA5888 /* TrackersViewController.swift */; };
		22D371FD2A79781800FA5888 /* Assets.xcassets in Resources */ = {isa = PBXBuildFile; fileRef = 22D371FC2A79781800FA5888 /* Assets.xcassets */; };
		22D372002A79781800FA5888 /* LaunchScreen.storyboard in Resources */ = {isa = PBXBuildFile; fileRef = 22D371FE2A79781800FA5888 /* LaunchScreen.storyboard */; };
/* End PBXBuildFile section */

/* Begin PBXFileReference section */
		220A86922A8125AC0082B271 /* Tracker.swift */ = {isa = PBXFileReference; lastKnownFileType = sourcecode.swift; path = Tracker.swift; sourceTree = "<group>"; };
		220A86942A8136B30082B271 /* WeekDay.swift */ = {isa = PBXFileReference; lastKnownFileType = sourcecode.swift; path = WeekDay.swift; sourceTree = "<group>"; };
		220A86982A8141360082B271 /* TrackerRecord.swift */ = {isa = PBXFileReference; lastKnownFileType = sourcecode.swift; path = TrackerRecord.swift; sourceTree = "<group>"; };
		220A869A2A81419B0082B271 /* TrackerCategory.swift */ = {isa = PBXFileReference; lastKnownFileType = sourcecode.swift; path = TrackerCategory.swift; sourceTree = "<group>"; };
		220A869E2A8170710082B271 /* Extensions+UIColor.swift */ = {isa = PBXFileReference; lastKnownFileType = sourcecode.swift; path = "Extensions+UIColor.swift"; sourceTree = "<group>"; };
		220A86A02A8185140082B271 /* EmptyCollectionPlaceholderView.swift */ = {isa = PBXFileReference; lastKnownFileType = sourcecode.swift; path = EmptyCollectionPlaceholderView.swift; sourceTree = "<group>"; };
		220A86A22A826B7F0082B271 /* TrackerNavigationBar.swift */ = {isa = PBXFileReference; lastKnownFileType = sourcecode.swift; path = TrackerNavigationBar.swift; sourceTree = "<group>"; };
		220A86A42A8292380082B271 /* TrackerViewCell.swift */ = {isa = PBXFileReference; lastKnownFileType = sourcecode.swift; path = TrackerViewCell.swift; sourceTree = "<group>"; };
		22CF5E482A83E31400BEAD2F /* TrackersSectionHeaderView.swift */ = {isa = PBXFileReference; lastKnownFileType = sourcecode.swift; path = TrackersSectionHeaderView.swift; sourceTree = "<group>"; };
		22CF5E4C2A84256100BEAD2F /* TextHelper.swift */ = {isa = PBXFileReference; lastKnownFileType = sourcecode.swift; path = TextHelper.swift; sourceTree = "<group>"; };
		22CF5E4E2A87D7E600BEAD2F /* StatisticsViewController.swift */ = {isa = PBXFileReference; lastKnownFileType = sourcecode.swift; path = StatisticsViewController.swift; sourceTree = "<group>"; };
		22CF5E702A87F80900BEAD2F /* CreateTrackerTypeSelectionViewController.swift */ = {isa = PBXFileReference; lastKnownFileType = sourcecode.swift; path = CreateTrackerTypeSelectionViewController.swift; sourceTree = "<group>"; };
		22CF5E722A88106900BEAD2F /* RoundedButton.swift */ = {isa = PBXFileReference; lastKnownFileType = sourcecode.swift; path = RoundedButton.swift; sourceTree = "<group>"; };
		22CF5E752A881B8600BEAD2F /* NewTrackerViewController.swift */ = {isa = PBXFileReference; lastKnownFileType = sourcecode.swift; path = NewTrackerViewController.swift; sourceTree = "<group>"; };
		22CF5E772A881BF800BEAD2F /* TitleLabel.swift */ = {isa = PBXFileReference; lastKnownFileType = sourcecode.swift; path = TitleLabel.swift; sourceTree = "<group>"; };
		22CF5E7A2A89310E00BEAD2F /* TrackerNameInputViewCell.swift */ = {isa = PBXFileReference; lastKnownFileType = sourcecode.swift; path = TrackerNameInputViewCell.swift; sourceTree = "<group>"; };
		22CF5E7C2A8931BE00BEAD2F /* TrackerActionsViewCell.swift */ = {isa = PBXFileReference; lastKnownFileType = sourcecode.swift; path = TrackerActionsViewCell.swift; sourceTree = "<group>"; };
		22CF5E7E2A8931D800BEAD2F /* EmojiCollectionViewCell.swift */ = {isa = PBXFileReference; lastKnownFileType = sourcecode.swift; path = EmojiCollectionViewCell.swift; sourceTree = "<group>"; };
		22CF5E802A8931EB00BEAD2F /* ColorCollectionViewCell.swift */ = {isa = PBXFileReference; lastKnownFileType = sourcecode.swift; path = ColorCollectionViewCell.swift; sourceTree = "<group>"; };
		22CF5E822A89320A00BEAD2F /* OkCancelActionsViewCell.swift */ = {isa = PBXFileReference; lastKnownFileType = sourcecode.swift; path = OkCancelActionsViewCell.swift; sourceTree = "<group>"; };
		22CF5E842A89489200BEAD2F /* NewTrackerTableUISection.swift */ = {isa = PBXFileReference; lastKnownFileType = sourcecode.swift; path = NewTrackerTableUISection.swift; sourceTree = "<group>"; };
		22CF5E862A8A46D300BEAD2F /* TrackerNameInputFooterLabel.swift */ = {isa = PBXFileReference; lastKnownFileType = sourcecode.swift; path = TrackerNameInputFooterLabel.swift; sourceTree = "<group>"; };
		22D371F02A79781500FA5888 /* Tracker.app */ = {isa = PBXFileReference; explicitFileType = wrapper.application; includeInIndex = 0; path = Tracker.app; sourceTree = BUILT_PRODUCTS_DIR; };
		22D371F32A79781500FA5888 /* AppDelegate.swift */ = {isa = PBXFileReference; lastKnownFileType = sourcecode.swift; path = AppDelegate.swift; sourceTree = "<group>"; };
		22D371F72A79781500FA5888 /* TrackersViewController.swift */ = {isa = PBXFileReference; lastKnownFileType = sourcecode.swift; path = TrackersViewController.swift; sourceTree = "<group>"; };
		22D371FC2A79781800FA5888 /* Assets.xcassets */ = {isa = PBXFileReference; lastKnownFileType = folder.assetcatalog; path = Assets.xcassets; sourceTree = "<group>"; };
		22D371FF2A79781800FA5888 /* Base */ = {isa = PBXFileReference; lastKnownFileType = file.storyboard; name = Base; path = Base.lproj/LaunchScreen.storyboard; sourceTree = "<group>"; };
		22D372012A79781800FA5888 /* Info.plist */ = {isa = PBXFileReference; lastKnownFileType = text.plist.xml; path = Info.plist; sourceTree = "<group>"; };
/* End PBXFileReference section */

/* Begin PBXFrameworksBuildPhase section */
		22D371ED2A79781500FA5888 /* Frameworks */ = {
			isa = PBXFrameworksBuildPhase;
			buildActionMask = 2147483647;
			files = (
			);
			runOnlyForDeploymentPostprocessing = 0;
		};
/* End PBXFrameworksBuildPhase section */

/* Begin PBXGroup section */
		220A86912A81258B0082B271 /* Model */ = {
			isa = PBXGroup;
			children = (
				220A86922A8125AC0082B271 /* Tracker.swift */,
				220A86942A8136B30082B271 /* WeekDay.swift */,
				220A86982A8141360082B271 /* TrackerRecord.swift */,
				220A869A2A81419B0082B271 /* TrackerCategory.swift */,
			);
			path = Model;
			sourceTree = "<group>";
		};
		220A869C2A81440F0082B271 /* Presentation */ = {
			isa = PBXGroup;
			children = (
				22CF5E792A881F5B00BEAD2F /* HelpfulViews */,
				220A869D2A81442C0082B271 /* TrackerList */,
				22CF5E742A881B4B00BEAD2F /* CreateTracker */,
				22CF5E4E2A87D7E600BEAD2F /* StatisticsViewController.swift */,
			);
			path = Presentation;
			sourceTree = "<group>";
		};
		220A869D2A81442C0082B271 /* TrackerList */ = {
			isa = PBXGroup;
			children = (
				22D371F72A79781500FA5888 /* TrackersViewController.swift */,
				22CF5E482A83E31400BEAD2F /* TrackersSectionHeaderView.swift */,
				220A86A02A8185140082B271 /* EmptyCollectionPlaceholderView.swift */,
				220A86A22A826B7F0082B271 /* TrackerNavigationBar.swift */,
				220A86A42A8292380082B271 /* TrackerViewCell.swift */,
			);
			path = TrackerList;
			sourceTree = "<group>";
		};
		22CF5E742A881B4B00BEAD2F /* CreateTracker */ = {
			isa = PBXGroup;
			children = (
				22CF5E702A87F80900BEAD2F /* CreateTrackerTypeSelectionViewController.swift */,
				22CF5E752A881B8600BEAD2F /* NewTrackerViewController.swift */,
				22CF5E7A2A89310E00BEAD2F /* TrackerNameInputViewCell.swift */,
				22CF5E862A8A46D300BEAD2F /* TrackerNameInputFooterLabel.swift */,
				22CF5E7C2A8931BE00BEAD2F /* TrackerActionsViewCell.swift */,
				22CF5E7E2A8931D800BEAD2F /* EmojiCollectionViewCell.swift */,
				22CF5E802A8931EB00BEAD2F /* ColorCollectionViewCell.swift */,
				22CF5E822A89320A00BEAD2F /* OkCancelActionsViewCell.swift */,
				22CF5E842A89489200BEAD2F /* NewTrackerTableUISection.swift */,
			);
			path = CreateTracker;
			sourceTree = "<group>";
		};
		22CF5E792A881F5B00BEAD2F /* HelpfulViews */ = {
			isa = PBXGroup;
			children = (
				22CF5E772A881BF800BEAD2F /* TitleLabel.swift */,
				22CF5E722A88106900BEAD2F /* RoundedButton.swift */,
			);
			path = HelpfulViews;
			sourceTree = "<group>";
		};
		22D371E72A79781500FA5888 = {
			isa = PBXGroup;
			children = (
				22D371F22A79781500FA5888 /* Tracker */,
				22D371F12A79781500FA5888 /* Products */,
			);
			sourceTree = "<group>";
		};
		22D371F12A79781500FA5888 /* Products */ = {
			isa = PBXGroup;
			children = (
				22D371F02A79781500FA5888 /* Tracker.app */,
			);
			name = Products;
			sourceTree = "<group>";
		};
		22D371F22A79781500FA5888 /* Tracker */ = {
			isa = PBXGroup;
			children = (
				220A86912A81258B0082B271 /* Model */,
				22D371F32A79781500FA5888 /* AppDelegate.swift */,
				220A869C2A81440F0082B271 /* Presentation */,
				22D371FC2A79781800FA5888 /* Assets.xcassets */,
				22D371FE2A79781800FA5888 /* LaunchScreen.storyboard */,
				22D372012A79781800FA5888 /* Info.plist */,
				220A869E2A8170710082B271 /* Extensions+UIColor.swift */,
				22CF5E4C2A84256100BEAD2F /* TextHelper.swift */,
			);
			path = Tracker;
			sourceTree = "<group>";
		};
/* End PBXGroup section */

/* Begin PBXNativeTarget section */
		22D371EF2A79781500FA5888 /* Tracker */ = {
			isa = PBXNativeTarget;
			buildConfigurationList = 22D372042A79781800FA5888 /* Build configuration list for PBXNativeTarget "Tracker" */;
			buildPhases = (
				22D371EC2A79781500FA5888 /* Sources */,
				22D371ED2A79781500FA5888 /* Frameworks */,
				22D371EE2A79781500FA5888 /* Resources */,
			);
			buildRules = (
			);
			dependencies = (
			);
			name = Tracker;
			productName = Tracker;
			productReference = 22D371F02A79781500FA5888 /* Tracker.app */;
			productType = "com.apple.product-type.application";
		};
/* End PBXNativeTarget section */

/* Begin PBXProject section */
		22D371E82A79781500FA5888 /* Project object */ = {
			isa = PBXProject;
			attributes = {
				BuildIndependentTargetsInParallel = 1;
				LastSwiftUpdateCheck = 1430;
				LastUpgradeCheck = 1430;
				TargetAttributes = {
					22D371EF2A79781500FA5888 = {
						CreatedOnToolsVersion = 14.3.1;
					};
				};
			};
			buildConfigurationList = 22D371EB2A79781500FA5888 /* Build configuration list for PBXProject "Tracker" */;
			compatibilityVersion = "Xcode 14.0";
			developmentRegion = en;
			hasScannedForEncodings = 0;
			knownRegions = (
				en,
				Base,
			);
			mainGroup = 22D371E72A79781500FA5888;
			productRefGroup = 22D371F12A79781500FA5888 /* Products */;
			projectDirPath = "";
			projectRoot = "";
			targets = (
				22D371EF2A79781500FA5888 /* Tracker */,
			);
		};
/* End PBXProject section */

/* Begin PBXResourcesBuildPhase section */
		22D371EE2A79781500FA5888 /* Resources */ = {
			isa = PBXResourcesBuildPhase;
			buildActionMask = 2147483647;
			files = (
				22D372002A79781800FA5888 /* LaunchScreen.storyboard in Resources */,
				22D371FD2A79781800FA5888 /* Assets.xcassets in Resources */,
			);
			runOnlyForDeploymentPostprocessing = 0;
		};
/* End PBXResourcesBuildPhase section */

/* Begin PBXSourcesBuildPhase section */
		22D371EC2A79781500FA5888 /* Sources */ = {
			isa = PBXSourcesBuildPhase;
			buildActionMask = 2147483647;
			files = (
				22CF5E4D2A84256100BEAD2F /* TextHelper.swift in Sources */,
				22CF5E732A88106900BEAD2F /* RoundedButton.swift in Sources */,
				220A86932A8125AC0082B271 /* Tracker.swift in Sources */,
				220A86A52A8292380082B271 /* TrackerViewCell.swift in Sources */,
				22CF5E7D2A8931BE00BEAD2F /* TrackerActionsViewCell.swift in Sources */,
				22CF5E492A83E31400BEAD2F /* TrackersSectionHeaderView.swift in Sources */,
				22CF5E852A89489200BEAD2F /* NewTrackerTableUISection.swift in Sources */,
				22D371F82A79781500FA5888 /* TrackersViewController.swift in Sources */,
				22CF5E7F2A8931D800BEAD2F /* EmojiCollectionViewCell.swift in Sources */,
				22CF5E832A89320A00BEAD2F /* OkCancelActionsViewCell.swift in Sources */,
				22CF5E872A8A46D300BEAD2F /* TrackerNameInputFooterLabel.swift in Sources */,
				220A86A32A826B7F0082B271 /* TrackerNavigationBar.swift in Sources */,
				220A86952A8136B30082B271 /* WeekDay.swift in Sources */,
				220A869F2A8170710082B271 /* Extensions+UIColor.swift in Sources */,
				22CF5E712A87F80900BEAD2F /* CreateTrackerTypeSelectionViewController.swift in Sources */,
				22D371F42A79781500FA5888 /* AppDelegate.swift in Sources */,
				220A86A12A8185140082B271 /* EmptyCollectionPlaceholderView.swift in Sources */,
				220A86992A8141360082B271 /* TrackerRecord.swift in Sources */,
				22CF5E812A8931EB00BEAD2F /* ColorCollectionViewCell.swift in Sources */,
				220A869B2A81419B0082B271 /* TrackerCategory.swift in Sources */,
				22CF5E762A881B8600BEAD2F /* NewTrackerViewController.swift in Sources */,
				22CF5E7B2A89310E00BEAD2F /* TrackerNameInputViewCell.swift in Sources */,
				22CF5E4F2A87D7E600BEAD2F /* StatisticsViewController.swift in Sources */,
				22CF5E782A881BF800BEAD2F /* TitleLabel.swift in Sources */,
			);
			runOnlyForDeploymentPostprocessing = 0;
		};
/* End PBXSourcesBuildPhase section */

/* Begin PBXVariantGroup section */
		22D371FE2A79781800FA5888 /* LaunchScreen.storyboard */ = {
			isa = PBXVariantGroup;
			children = (
				22D371FF2A79781800FA5888 /* Base */,
			);
			name = LaunchScreen.storyboard;
			sourceTree = "<group>";
		};
/* End PBXVariantGroup section */

/* Begin XCBuildConfiguration section */
		22D372022A79781800FA5888 /* Debug */ = {
			isa = XCBuildConfiguration;
			buildSettings = {
				ALWAYS_SEARCH_USER_PATHS = NO;
				CLANG_ANALYZER_NONNULL = YES;
				CLANG_ANALYZER_NUMBER_OBJECT_CONVERSION = YES_AGGRESSIVE;
				CLANG_CXX_LANGUAGE_STANDARD = "gnu++20";
				CLANG_ENABLE_MODULES = YES;
				CLANG_ENABLE_OBJC_ARC = YES;
				CLANG_ENABLE_OBJC_WEAK = YES;
				CLANG_WARN_BLOCK_CAPTURE_AUTORELEASING = YES;
				CLANG_WARN_BOOL_CONVERSION = YES;
				CLANG_WARN_COMMA = YES;
				CLANG_WARN_CONSTANT_CONVERSION = YES;
				CLANG_WARN_DEPRECATED_OBJC_IMPLEMENTATIONS = YES;
				CLANG_WARN_DIRECT_OBJC_ISA_USAGE = YES_ERROR;
				CLANG_WARN_DOCUMENTATION_COMMENTS = YES;
				CLANG_WARN_EMPTY_BODY = YES;
				CLANG_WARN_ENUM_CONVERSION = YES;
				CLANG_WARN_INFINITE_RECURSION = YES;
				CLANG_WARN_INT_CONVERSION = YES;
				CLANG_WARN_NON_LITERAL_NULL_CONVERSION = YES;
				CLANG_WARN_OBJC_IMPLICIT_RETAIN_SELF = YES;
				CLANG_WARN_OBJC_LITERAL_CONVERSION = YES;
				CLANG_WARN_OBJC_ROOT_CLASS = YES_ERROR;
				CLANG_WARN_QUOTED_INCLUDE_IN_FRAMEWORK_HEADER = YES;
				CLANG_WARN_RANGE_LOOP_ANALYSIS = YES;
				CLANG_WARN_STRICT_PROTOTYPES = YES;
				CLANG_WARN_SUSPICIOUS_MOVE = YES;
				CLANG_WARN_UNGUARDED_AVAILABILITY = YES_AGGRESSIVE;
				CLANG_WARN_UNREACHABLE_CODE = YES;
				CLANG_WARN__DUPLICATE_METHOD_MATCH = YES;
				COPY_PHASE_STRIP = NO;
				DEBUG_INFORMATION_FORMAT = dwarf;
				ENABLE_STRICT_OBJC_MSGSEND = YES;
				ENABLE_TESTABILITY = YES;
				GCC_C_LANGUAGE_STANDARD = gnu11;
				GCC_DYNAMIC_NO_PIC = NO;
				GCC_NO_COMMON_BLOCKS = YES;
				GCC_OPTIMIZATION_LEVEL = 0;
				GCC_PREPROCESSOR_DEFINITIONS = (
					"DEBUG=1",
					"$(inherited)",
				);
				GCC_WARN_64_TO_32_BIT_CONVERSION = YES;
				GCC_WARN_ABOUT_RETURN_TYPE = YES_ERROR;
				GCC_WARN_UNDECLARED_SELECTOR = YES;
				GCC_WARN_UNINITIALIZED_AUTOS = YES_AGGRESSIVE;
				GCC_WARN_UNUSED_FUNCTION = YES;
				GCC_WARN_UNUSED_VARIABLE = YES;
				IPHONEOS_DEPLOYMENT_TARGET = 13.4;
				MTL_ENABLE_DEBUG_INFO = INCLUDE_SOURCE;
				MTL_FAST_MATH = YES;
				ONLY_ACTIVE_ARCH = YES;
				SDKROOT = iphoneos;
				SWIFT_ACTIVE_COMPILATION_CONDITIONS = DEBUG;
				SWIFT_OPTIMIZATION_LEVEL = "-Onone";
			};
			name = Debug;
		};
		22D372032A79781800FA5888 /* Release */ = {
			isa = XCBuildConfiguration;
			buildSettings = {
				ALWAYS_SEARCH_USER_PATHS = NO;
				CLANG_ANALYZER_NONNULL = YES;
				CLANG_ANALYZER_NUMBER_OBJECT_CONVERSION = YES_AGGRESSIVE;
				CLANG_CXX_LANGUAGE_STANDARD = "gnu++20";
				CLANG_ENABLE_MODULES = YES;
				CLANG_ENABLE_OBJC_ARC = YES;
				CLANG_ENABLE_OBJC_WEAK = YES;
				CLANG_WARN_BLOCK_CAPTURE_AUTORELEASING = YES;
				CLANG_WARN_BOOL_CONVERSION = YES;
				CLANG_WARN_COMMA = YES;
				CLANG_WARN_CONSTANT_CONVERSION = YES;
				CLANG_WARN_DEPRECATED_OBJC_IMPLEMENTATIONS = YES;
				CLANG_WARN_DIRECT_OBJC_ISA_USAGE = YES_ERROR;
				CLANG_WARN_DOCUMENTATION_COMMENTS = YES;
				CLANG_WARN_EMPTY_BODY = YES;
				CLANG_WARN_ENUM_CONVERSION = YES;
				CLANG_WARN_INFINITE_RECURSION = YES;
				CLANG_WARN_INT_CONVERSION = YES;
				CLANG_WARN_NON_LITERAL_NULL_CONVERSION = YES;
				CLANG_WARN_OBJC_IMPLICIT_RETAIN_SELF = YES;
				CLANG_WARN_OBJC_LITERAL_CONVERSION = YES;
				CLANG_WARN_OBJC_ROOT_CLASS = YES_ERROR;
				CLANG_WARN_QUOTED_INCLUDE_IN_FRAMEWORK_HEADER = YES;
				CLANG_WARN_RANGE_LOOP_ANALYSIS = YES;
				CLANG_WARN_STRICT_PROTOTYPES = YES;
				CLANG_WARN_SUSPICIOUS_MOVE = YES;
				CLANG_WARN_UNGUARDED_AVAILABILITY = YES_AGGRESSIVE;
				CLANG_WARN_UNREACHABLE_CODE = YES;
				CLANG_WARN__DUPLICATE_METHOD_MATCH = YES;
				COPY_PHASE_STRIP = NO;
				DEBUG_INFORMATION_FORMAT = "dwarf-with-dsym";
				ENABLE_NS_ASSERTIONS = NO;
				ENABLE_STRICT_OBJC_MSGSEND = YES;
				GCC_C_LANGUAGE_STANDARD = gnu11;
				GCC_NO_COMMON_BLOCKS = YES;
				GCC_WARN_64_TO_32_BIT_CONVERSION = YES;
				GCC_WARN_ABOUT_RETURN_TYPE = YES_ERROR;
				GCC_WARN_UNDECLARED_SELECTOR = YES;
				GCC_WARN_UNINITIALIZED_AUTOS = YES_AGGRESSIVE;
				GCC_WARN_UNUSED_FUNCTION = YES;
				GCC_WARN_UNUSED_VARIABLE = YES;
				IPHONEOS_DEPLOYMENT_TARGET = 13.4;
				MTL_ENABLE_DEBUG_INFO = NO;
				MTL_FAST_MATH = YES;
				SDKROOT = iphoneos;
				SWIFT_COMPILATION_MODE = wholemodule;
				SWIFT_OPTIMIZATION_LEVEL = "-O";
				VALIDATE_PRODUCT = YES;
			};
			name = Release;
		};
		22D372052A79781800FA5888 /* Debug */ = {
			isa = XCBuildConfiguration;
			buildSettings = {
				ASSETCATALOG_COMPILER_APPICON_NAME = AppIcon;
				ASSETCATALOG_COMPILER_GLOBAL_ACCENT_COLOR_NAME = AccentColor;
				CODE_SIGN_STYLE = Automatic;
				CURRENT_PROJECT_VERSION = 1;
				DEVELOPMENT_TEAM = 2AF8P9WZJM;
				GENERATE_INFOPLIST_FILE = YES;
				INFOPLIST_FILE = Tracker/Info.plist;
				INFOPLIST_KEY_UIApplicationSupportsIndirectInputEvents = YES;
				INFOPLIST_KEY_UILaunchStoryboardName = LaunchScreen;
				INFOPLIST_KEY_UISupportedInterfaceOrientations = UIInterfaceOrientationPortrait;
				INFOPLIST_KEY_UISupportedInterfaceOrientations_iPad = "UIInterfaceOrientationLandscapeLeft UIInterfaceOrientationLandscapeRight UIInterfaceOrientationPortrait UIInterfaceOrientationPortraitUpsideDown";
				LD_RUNPATH_SEARCH_PATHS = (
					"$(inherited)",
					"@executable_path/Frameworks",
				);
				MARKETING_VERSION = 1.0;
				PRODUCT_BUNDLE_IDENTIFIER = me.taneev.Tracker;
				PRODUCT_NAME = "$(TARGET_NAME)";
				SUPPORTED_PLATFORMS = "iphoneos iphonesimulator";
				SUPPORTS_MACCATALYST = NO;
				SUPPORTS_MAC_DESIGNED_FOR_IPHONE_IPAD = NO;
				SWIFT_EMIT_LOC_STRINGS = YES;
				SWIFT_VERSION = 5.0;
				TARGETED_DEVICE_FAMILY = 1;
			};
			name = Debug;
		};
		22D372062A79781800FA5888 /* Release */ = {
			isa = XCBuildConfiguration;
			buildSettings = {
				ASSETCATALOG_COMPILER_APPICON_NAME = AppIcon;
				ASSETCATALOG_COMPILER_GLOBAL_ACCENT_COLOR_NAME = AccentColor;
				CODE_SIGN_STYLE = Automatic;
				CURRENT_PROJECT_VERSION = 1;
				DEVELOPMENT_TEAM = 2AF8P9WZJM;
				GENERATE_INFOPLIST_FILE = YES;
				INFOPLIST_FILE = Tracker/Info.plist;
				INFOPLIST_KEY_UIApplicationSupportsIndirectInputEvents = YES;
				INFOPLIST_KEY_UILaunchStoryboardName = LaunchScreen;
				INFOPLIST_KEY_UISupportedInterfaceOrientations = UIInterfaceOrientationPortrait;
				INFOPLIST_KEY_UISupportedInterfaceOrientations_iPad = "UIInterfaceOrientationLandscapeLeft UIInterfaceOrientationLandscapeRight UIInterfaceOrientationPortrait UIInterfaceOrientationPortraitUpsideDown";
				LD_RUNPATH_SEARCH_PATHS = (
					"$(inherited)",
					"@executable_path/Frameworks",
				);
				MARKETING_VERSION = 1.0;
				PRODUCT_BUNDLE_IDENTIFIER = me.taneev.Tracker;
				PRODUCT_NAME = "$(TARGET_NAME)";
				SUPPORTED_PLATFORMS = "iphoneos iphonesimulator";
				SUPPORTS_MACCATALYST = NO;
				SUPPORTS_MAC_DESIGNED_FOR_IPHONE_IPAD = NO;
				SWIFT_EMIT_LOC_STRINGS = YES;
				SWIFT_VERSION = 5.0;
				TARGETED_DEVICE_FAMILY = 1;
			};
			name = Release;
		};
/* End XCBuildConfiguration section */

/* Begin XCConfigurationList section */
		22D371EB2A79781500FA5888 /* Build configuration list for PBXProject "Tracker" */ = {
			isa = XCConfigurationList;
			buildConfigurations = (
				22D372022A79781800FA5888 /* Debug */,
				22D372032A79781800FA5888 /* Release */,
			);
			defaultConfigurationIsVisible = 0;
			defaultConfigurationName = Release;
		};
		22D372042A79781800FA5888 /* Build configuration list for PBXNativeTarget "Tracker" */ = {
			isa = XCConfigurationList;
			buildConfigurations = (
				22D372052A79781800FA5888 /* Debug */,
				22D372062A79781800FA5888 /* Release */,
			);
			defaultConfigurationIsVisible = 0;
			defaultConfigurationName = Release;
		};
/* End XCConfigurationList section */
	};
	rootObject = 22D371E82A79781500FA5888 /* Project object */;
}
